type: object
description: |-
  A collection of messages and metadata.
  
x-akamai:
  file-path: schemas/messageBlock.yaml
additionalProperties: false
required:
- messages
properties:
  messages:
    type: array
    description: |
      Messages read from the topic.
    items:
      $ref: message.yaml
  token:
    type: integer
    description: |
      The group token.
