x-akamai:
  file-path: paths/device-screen-lock.yaml
  path-info: /device-posture/inventory/summary/device-screen-lock
get:
  operationId: get-device-screen-lock
  summary: List device screen lock
  tags:
  - Device inventory
  description: |
    Lists device screen lock signal metrics acquired from device application access. The response groups statuses by `value` and sums by `count`.
  parameters:
  - $ref: ../parameters/optional-contract-id-query.yaml
  responses:
    200:
      description: |
        Successful response.
      $ref: ../errors/signal-summary-request-200.yaml
