type: object
description: |-
  Describes CIDR blocks and the services they belong to.
  
x-akamai:
  file-path: schemas/cidrBlock.yaml
additionalProperties: false
required:
- cidrId
- serviceId
- serviceName
- cidr
- cidrMask
- port
- creationDate
- effectiveDate
- changeDate
- minIp
- maxIp
- lastAction
properties:
  changeDate:
    type: string
    description: |
      The ISO 8601 date when a CIDR block was last updated.
  cidr:
    type: string
    description: |
      A list of IP addresses belonging to Akamai edge servers for a particular service.
  cidrId:
    type: integer
    description: |
      A unique identifier for a CIDR block.
  cidrMask:
    type: string
    description: |
      Indicates the range (start and end IP) of a CIDR block. `/32` and `/64` denote whether the IP addresses in the CIDR block are IPv4 or IPv6, respectively.
    enum:
    - /32
    - /64
  creationDate:
    type: string
    description: |
      The ISO 8601 date the CIDR block was created.
  effectiveDate:
    type: string
    description: |
      The ISO 8601 date the IP addresses start passing traffic. Make sure your firewall rules are updated to accept traffic before this date. The date is typically two weeks after the CIDR block's creation date.
  lastAction:
    type: string
    description: |
      The last Action, or change, made to a CIDR block. Either `add`, `update`, or `delete`.
    enum:
    - add
    - update
    - delete
  maxIp:
    type: string
    description: |
      The maximum IP is the top of the range for the CIDR block.
  minIp:
    type: string
    description: |
      The minimum IP is the base of the range for the CIDR block.
  port:
    type: string
    description: |
      The set of comma-delimited ports through which your server receives traffic from Akamai servers.
  serviceId:
    type: integer
    description: |
      A unique identifier for a service.
  serviceName:
    type: string
    description: |
      The name of a service. This is often the same as the product you purchased.
